{
  "name": "app",
  "version": "1.0.0",
  "lockfileVersion": 3,
  "requires": true,
  "packages": {
    "": {
      "name": "app",
      "version": "1.0.0",
      "license": "ISC",
      "dependencies": {
        "capacitor": "^0.5.6"
      }
    },
    "node_modules/capacitor": {
      "version": "0.5.6",
      "resolved": "https://registry.npmjs.org/capacitor/-/capacitor-0.5.6.tgz",
      "integrity": "sha512-xjyv2ztJxD1VayTMGIkh+TNfpdJU9BT3jO4Y5kEsh5MpF+zEdBQYLC/pFD9lNyS6mi8Pm3b/bj0ZUSOKblkfcw==",
      "dependencies": {
        "immutable": "^3.7.3",
        "lodash": "^4.17.21"
      }
    },
    "node_modules/immutable": {
      "version": "3.8.2",
      "resolved": "https://registry.npmjs.org/immutable/-/immutable-3.8.2.tgz",
      "integrity": "sha512-15gZoQ38eYjEjxkorfbcgBKBL6R7T459OuK+CpcWt7O3KF4uPCx2tD0uFETlUDIyo+1789crbMhTvQBSR5yBMg==",
      "license": "MIT",
      "engines": {
        "node": ">=0.10.0"
      }
    },
    "node_modules/lodash": {
      "version": "4.17.21",
      "resolved": "https://registry.npmjs.org/lodash/-/lodash-4.17.21.tgz",
      "integrity": "sha512-v2kDEe57lecTulaDIuNTPy3Ry4gLGJ6Z1O3vE1krgXZNrsQ+LFTGHVxVjcXPs17LhbZVGedAJv8XZ1tvj5FvSg==",
      "license": "MIT"
    }
  }
}
